// !$*UTF8*$!
{
	archiveVersion = 1;
	classes = {
	};
	objectVersion = 50;
	objects = {

/* Begin PBXBuildFile section */
		4F423632261D5D7F0096C229 /* File.swift in Sources */ = {isa = PBXBuildFile; fileRef = 4F423631261D5D7F0096C229 /* File.swift */; };
		4F645BA526324F0400AC0E2B /* MapKit.framework in Frameworks */ = {isa = PBXBuildFile; fileRef = 4F645BA426324F0400AC0E2B /* MapKit.framework */; };
		4F7935CF26269E0400DC8078 /* TestViewController.m in Sources */ = {isa = PBXBuildFile; fileRef = 4F7935CE26269E0400DC8078 /* TestViewController.m */; };
		4F7D62DE261FE0BF00612ECB /* ff_RW_Sample.xcdatamodeld in Sources */ = {isa = PBXBuildFile; fileRef = 4F7D62DC261FE0BF00612ECB /* ff_RW_Sample.xcdatamodeld */; };
		4FA3A784261FE48200513762 /* Place+CoreDataClass.swift in Sources */ = {isa = PBXBuildFile; fileRef = 4FA3A782261FE48200513762 /* Place+CoreDataClass.swift */; };
		4FA3A785261FE48200513762 /* Place+CoreDataProperties.swift in Sources */ = {isa = PBXBuildFile; fileRef = 4FA3A783261FE48200513762 /* Place+CoreDataProperties.swift */; };
		4FD674FD261E5803001816CB /* Model.swift in Sources */ = {isa = PBXBuildFile; fileRef = 4FD674FC261E5803001816CB /* Model.swift */; };
		4FD67503261EB03E001816CB /* XTableViewCell.swift in Sources */ = {isa = PBXBuildFile; fileRef = 4FD67502261EB03E001816CB /* XTableViewCell.swift */; };
		4FF1DE6B261CD8BC0087F00F /* AppDelegate.m in Sources */ = {isa = PBXBuildFile; fileRef = 4FF1DE6A261CD8BC0087F00F /* AppDelegate.m */; };
		4FF1DE6E261CD8BC0087F00F /* SceneDelegate.m in Sources */ = {isa = PBXBuildFile; fileRef = 4FF1DE6D261CD8BC0087F00F /* SceneDelegate.m */; };
		4FF1DE71261CD8BC0087F00F /* ViewController.m in Sources */ = {isa = PBXBuildFile; fileRef = 4FF1DE70261CD8BC0087F00F /* ViewController.m */; };
		4FF1DE74261CD8BC0087F00F /* Main.storyboard in Resources */ = {isa = PBXBuildFile; fileRef = 4FF1DE72261CD8BC0087F00F /* Main.storyboard */; };
		4FF1DE76261CD8BD0087F00F /* Assets.xcassets in Resources */ = {isa = PBXBuildFile; fileRef = 4FF1DE75261CD8BD0087F00F /* Assets.xcassets */; };
		4FF1DE79261CD8BD0087F00F /* LaunchScreen.storyboard in Resources */ = {isa = PBXBuildFile; fileRef = 4FF1DE77261CD8BD0087F00F /* LaunchScreen.storyboard */; };
		4FF1DE7C261CD8BD0087F00F /* main.m in Sources */ = {isa = PBXBuildFile; fileRef = 4FF1DE7B261CD8BD0087F00F /* main.m */; };
/* End PBXBuildFile section */

/* Begin PBXFileReference section */
		4F423630261D5D7E0096C229 /* ff_RW_Sample-Bridging-Header.h */ = {isa = PBXFileReference; lastKnownFileType = sourcecode.c.h; path = "ff_RW_Sample-Bridging-Header.h"; sourceTree = "<group>"; };
		4F423631261D5D7F0096C229 /* File.swift */ = {isa = PBXFileReference; lastKnownFileType = sourcecode.swift; path = File.swift; sourceTree = "<group>"; };
		4F645BA426324F0400AC0E2B /* MapKit.framework */ = {isa = PBXFileReference; lastKnownFileType = wrapper.framework; name = MapKit.framework; path = System/Library/Frameworks/MapKit.framework; sourceTree = SDKROOT; };
		4F7935CD26269E0400DC8078 /* TestViewController.h */ = {isa = PBXFileReference; lastKnownFileType = sourcecode.c.h; path = TestViewController.h; sourceTree = "<group>"; };
		4F7935CE26269E0400DC8078 /* TestViewController.m */ = {isa = PBXFileReference; lastKnownFileType = sourcecode.c.objc; path = TestViewController.m; sourceTree = "<group>"; };
		4F7D62DD261FE0BF00612ECB /* ff_RW_Sample.xcdatamodel */ = {isa = PBXFileReference; lastKnownFileType = wrapper.xcdatamodel; path = ff_RW_Sample.xcdatamodel; sourceTree = "<group>"; };
		4FA3A782261FE48200513762 /* Place+CoreDataClass.swift */ = {isa = PBXFileReference; lastKnownFileType = sourcecode.swift; path = "Place+CoreDataClass.swift"; sourceTree = "<group>"; };
		4FA3A783261FE48200513762 /* Place+CoreDataProperties.swift */ = {isa = PBXFileReference; lastKnownFileType = sourcecode.swift; path = "Place+CoreDataProperties.swift"; sourceTree = "<group>"; };
		4FD674FC261E5803001816CB /* Model.swift */ = {isa = PBXFileReference; lastKnownFileType = sourcecode.swift; path = Model.swift; sourceTree = "<group>"; };
		4FD67502261EB03E001816CB /* XTableViewCell.swift */ = {isa = PBXFileReference; lastKnownFileType = sourcecode.swift; path = XTableViewCell.swift; sourceTree = "<group>"; };
		4FF1DE66261CD8BC0087F00F /* ff_RW_Sample.app */ = {isa = PBXFileReference; explicitFileType = wrapper.application; includeInIndex = 0; path = ff_RW_Sample.app; sourceTree = BUILT_PRODUCTS_DIR; };
		4FF1DE69261CD8BC0087F00F /* AppDelegate.h */ = {isa = PBXFileReference; lastKnownFileType = sourcecode.c.h; path = AppDelegate.h; sourceTree = "<group>"; };
		4FF1DE6A261CD8BC0087F00F /* AppDelegate.m */ = {isa = PBXFileReference; lastKnownFileType = sourcecode.c.objc; path = AppDelegate.m; sourceTree = "<group>"; };
		4FF1DE6C261CD8BC0087F00F /* SceneDelegate.h */ = {isa = PBXFileReference; lastKnownFileType = sourcecode.c.h; path = SceneDelegate.h; sourceTree = "<group>"; };
		4FF1DE6D261CD8BC0087F00F /* SceneDelegate.m */ = {isa = PBXFileReference; lastKnownFileType = sourcecode.c.objc; path = SceneDelegate.m; sourceTree = "<group>"; };
		4FF1DE6F261CD8BC0087F00F /* ViewController.h */ = {isa = PBXFileReference; lastKnownFileType = sourcecode.c.h; path = ViewController.h; sourceTree = "<group>"; };
		4FF1DE70261CD8BC0087F00F /* ViewController.m */ = {isa = PBXFileReference; lastKnownFileType = sourcecode.c.objc; path = ViewController.m; sourceTree = "<group>"; };
		4FF1DE73261CD8BC0087F00F /* Base */ = {isa = PBXFileReference; lastKnownFileType = file.storyboard; name = Base; path = Base.lproj/Main.storyboard; sourceTree = "<group>"; };
		4FF1DE75261CD8BD0087F00F /* Assets.xcassets */ = {isa = PBXFileReference; lastKnownFileType = folder.assetcatalog; path = Assets.xcassets; sourceTree = "<group>"; };
		4FF1DE78261CD8BD0087F00F /* Base */ = {isa = PBXFileReference; lastKnownFileType = file.storyboard; name = Base; path = Base.lproj/LaunchScreen.storyboard; sourceTree = "<group>"; };
		4FF1DE7A261CD8BD0087F00F /* Info.plist */ = {isa = PBXFileReference; lastKnownFileType = text.plist.xml; path = Info.plist; sourceTree = "<group>"; };
		4FF1DE7B261CD8BD0087F00F /* main.m */ = {isa = PBXFileReference; lastKnownFileType = sourcecode.c.objc; path = main.m; sourceTree = "<group>"; };
/* End PBXFileReference section */

/* Begin PBXFrameworksBuildPhase section */
		4FF1DE63261CD8BC0087F00F /* Frameworks */ = {
			isa = PBXFrameworksBuildPhase;
			buildActionMask = 2147483647;
			files = (
				4F645BA526324F0400AC0E2B /* MapKit.framework in Frameworks */,
			);
			runOnlyForDeploymentPostprocessing = 0;
		};
/* End PBXFrameworksBuildPhase section */

/* Begin PBXGroup section */
		4F645BA326324F0400AC0E2B /* Frameworks */ = {
			isa = PBXGroup;
			children = (
				4F645BA426324F0400AC0E2B /* MapKit.framework */,
			);
			name = Frameworks;
			sourceTree = "<group>";
		};
		4FA3A787261FE49A00513762 /* ModelBase Files */ = {
			isa = PBXGroup;
			children = (
				4FA3A782261FE48200513762 /* Place+CoreDataClass.swift */,
				4FA3A783261FE48200513762 /* Place+CoreDataProperties.swift */,
			);
			name = "ModelBase Files";
			path = ..;
			sourceTree = "<group>";
		};
		4FA3A788261FE4DF00513762 /* Swift Files */ = {
			isa = PBXGroup;
			children = (
				4F423631261D5D7F0096C229 /* File.swift */,
				4FD674FC261E5803001816CB /* Model.swift */,
				4FD67502261EB03E001816CB /* XTableViewCell.swift */,
			);
			path = "Swift Files";
			sourceTree = "<group>";
		};
		4FA3A78A261FE50600513762 /* ObjC Files */ = {
			isa = PBXGroup;
			children = (
				4FF1DE69261CD8BC0087F00F /* AppDelegate.h */,
				4FF1DE6A261CD8BC0087F00F /* AppDelegate.m */,
				4FF1DE6C261CD8BC0087F00F /* SceneDelegate.h */,
				4FF1DE6D261CD8BC0087F00F /* SceneDelegate.m */,
				4FF1DE6F261CD8BC0087F00F /* ViewController.h */,
				4FF1DE70261CD8BC0087F00F /* ViewController.m */,
				4F7935CD26269E0400DC8078 /* TestViewController.h */,
				4F7935CE26269E0400DC8078 /* TestViewController.m */,
			);
			path = "ObjC Files";
			sourceTree = "<group>";
		};
		4FF1DE5D261CD8BC0087F00F = {
			isa = PBXGroup;
			children = (
				4FF1DE68261CD8BC0087F00F /* ff_RW_Sample */,
				4FF1DE67261CD8BC0087F00F /* Products */,
				4F645BA326324F0400AC0E2B /* Frameworks */,
			);
			sourceTree = "<group>";
		};
		4FF1DE67261CD8BC0087F00F /* Products */ = {
			isa = PBXGroup;
			children = (
				4FF1DE66261CD8BC0087F00F /* ff_RW_Sample.app */,
			);
			name = Products;
			sourceTree = "<group>";
		};
		4FF1DE68261CD8BC0087F00F /* ff_RW_Sample */ = {
			isa = PBXGroup;
			children = (
				4FA3A787261FE49A00513762 /* ModelBase Files */,
				4FA3A78A261FE50600513762 /* ObjC Files */,
				4FA3A788261FE4DF00513762 /* Swift Files */,
				4FF1DE72261CD8BC0087F00F /* Main.storyboard */,
				4FF1DE75261CD8BD0087F00F /* Assets.xcassets */,
				4FF1DE77261CD8BD0087F00F /* LaunchScreen.storyboard */,
				4FF1DE7A261CD8BD0087F00F /* Info.plist */,
				4FF1DE7B261CD8BD0087F00F /* main.m */,
				4F423630261D5D7E0096C229 /* ff_RW_Sample-Bridging-Header.h */,
				4F7D62DC261FE0BF00612ECB /* ff_RW_Sample.xcdatamodeld */,
			);
			path = ff_RW_Sample;
			sourceTree = "<group>";
		};
/* End PBXGroup section */

/* Begin PBXNativeTarget section */
		4FF1DE65261CD8BC0087F00F /* ff_RW_Sample */ = {
			isa = PBXNativeTarget;
			buildConfigurationList = 4FF1DE7F261CD8BD0087F00F /* Build configuration list for PBXNativeTarget "ff_RW_Sample" */;
			buildPhases = (
				4FF1DE62261CD8BC0087F00F /* Sources */,
				4FF1DE63261CD8BC0087F00F /* Frameworks */,
				4FF1DE64261CD8BC0087F00F /* Resources */,
			);
			buildRules = (
			);
			dependencies = (
			);
			name = ff_RW_Sample;
			productName = ff_RW_Sample;
			productReference = 4FF1DE66261CD8BC0087F00F /* ff_RW_Sample.app */;
			productType = "com.apple.product-type.application";
		};
/* End PBXNativeTarget section */

/* Begin PBXProject section */
		4FF1DE5E261CD8BC0087F00F /* Project object */ = {
			isa = PBXProject;
			attributes = {
				LastUpgradeCheck = 1230;
				TargetAttributes = {
					4FF1DE65261CD8BC0087F00F = {
						CreatedOnToolsVersion = 12.3;
						LastSwiftMigration = 1230;
					};
				};
			};
			buildConfigurationList = 4FF1DE61261CD8BC0087F00F /* Build configuration list for PBXProject "ff_RW_Sample" */;
			compatibilityVersion = "Xcode 9.3";
			developmentRegion = en;
			hasScannedForEncodings = 0;
			knownRegions = (
				en,
				Base,
			);
			mainGroup = 4FF1DE5D261CD8BC0087F00F;
			productRefGroup = 4FF1DE67261CD8BC0087F00F /* Products */;
			projectDirPath = "";
			projectRoot = "";
			targets = (
				4FF1DE65261CD8BC0087F00F /* ff_RW_Sample */,
			);
		};
/* End PBXProject section */

/* Begin PBXResourcesBuildPhase section */
		4FF1DE64261CD8BC0087F00F /* Resources */ = {
			isa = PBXResourcesBuildPhase;
			buildActionMask = 2147483647;
			files = (
				4FF1DE79261CD8BD0087F00F /* LaunchScreen.storyboard in Resources */,
				4FF1DE76261CD8BD0087F00F /* Assets.xcassets in Resources */,
				4FF1DE74261CD8BC0087F00F /* Main.storyboard in Resources */,
			);
			runOnlyForDeploymentPostprocessing = 0;
		};
/* End PBXResourcesBuildPhase section */

/* Begin PBXSourcesBuildPhase section */
		4FF1DE62261CD8BC0087F00F /* Sources */ = {
			isa = PBXSourcesBuildPhase;
			buildActionMask = 2147483647;
			files = (
				4F423632261D5D7F0096C229 /* File.swift in Sources */,
				4FF1DE71261CD8BC0087F00F /* ViewController.m in Sources */,
				4FD67503261EB03E001816CB /* XTableViewCell.swift in Sources */,
				4FF1DE6B261CD8BC0087F00F /* AppDelegate.m in Sources */,
				4FA3A785261FE48200513762 /* Place+CoreDataProperties.swift in Sources */,
				4F7935CF26269E0400DC8078 /* TestViewController.m in Sources */,
				4FA3A784261FE48200513762 /* Place+CoreDataClass.swift in Sources */,
				4FD674FD261E5803001816CB /* Model.swift in Sources */,
				4FF1DE7C261CD8BD0087F00F /* main.m in Sources */,
				4FF1DE6E261CD8BC0087F00F /* SceneDelegate.m in Sources */,
				4F7D62DE261FE0BF00612ECB /* ff_RW_Sample.xcdatamodeld in Sources */,
			);
			runOnlyForDeploymentPostprocessing = 0;
		};
/* End PBXSourcesBuildPhase section */

/* Begin PBXVariantGroup section */
		4FF1DE72261CD8BC0087F00F /* Main.storyboard */ = {
			isa = PBXVariantGroup;
			children = (
				4FF1DE73261CD8BC0087F00F /* Base */,
			);
			name = Main.storyboard;
			sourceTree = "<group>";
		};
		4FF1DE77261CD8BD0087F00F /* LaunchScreen.storyboard */ = {
			isa = PBXVariantGroup;
			children = (
				4FF1DE78261CD8BD0087F00F /* Base */,
			);
			name = LaunchScreen.storyboard;
			sourceTree = "<group>";
		};
/* End PBXVariantGroup section */

/* Begin XCBuildConfiguration section */
		4FF1DE7D261CD8BD0087F00F /* Debug */ = {
			isa = XCBuildConfiguration;
			buildSettings = {
				ALWAYS_SEARCH_USER_PATHS = NO;
				CLANG_ANALYZER_NONNULL = YES;
				CLANG_ANALYZER_NUMBER_OBJECT_CONVERSION = YES_AGGRESSIVE;
				CLANG_CXX_LANGUAGE_STANDARD = "gnu++14";
				CLANG_CXX_LIBRARY = "libc++";
				CLANG_ENABLE_MODULES = YES;
				CLANG_ENABLE_OBJC_ARC = YES;
				CLANG_ENABLE_OBJC_WEAK = YES;
				CLANG_WARN_BLOCK_CAPTURE_AUTORELEASING = YES;
				CLANG_WARN_BOOL_CONVERSION = YES;
				CLANG_WARN_COMMA = YES;
				CLANG_WARN_CONSTANT_CONVERSION = YES;
				CLANG_WARN_DEPRECATED_OBJC_IMPLEMENTATIONS = YES;
				CLANG_WARN_DIRECT_OBJC_ISA_USAGE = YES_ERROR;
				CLANG_WARN_DOCUMENTATION_COMMENTS = YES;
				CLANG_WARN_EMPTY_BODY = YES;
				CLANG_WARN_ENUM_CONVERSION = YES;
				CLANG_WARN_INFINITE_RECURSION = YES;
				CLANG_WARN_INT_CONVERSION = YES;
				CLANG_WARN_NON_LITERAL_NULL_CONVERSION = YES;
				CLANG_WARN_OBJC_IMPLICIT_RETAIN_SELF = YES;
				CLANG_WARN_OBJC_LITERAL_CONVERSION = YES;
				CLANG_WARN_OBJC_ROOT_CLASS = YES_ERROR;
				CLANG_WARN_QUOTED_INCLUDE_IN_FRAMEWORK_HEADER = YES;
				CLANG_WARN_RANGE_LOOP_ANALYSIS = YES;
				CLANG_WARN_STRICT_PROTOTYPES = YES;
				CLANG_WARN_SUSPICIOUS_MOVE = YES;
				CLANG_WARN_UNGUARDED_AVAILABILITY = YES_AGGRESSIVE;
				CLANG_WARN_UNREACHABLE_CODE = YES;
				CLANG_WARN__DUPLICATE_METHOD_MATCH = YES;
				COPY_PHASE_STRIP = NO;
				DEBUG_INFORMATION_FORMAT = dwarf;
				DEFINES_MODULE = YES;
				ENABLE_STRICT_OBJC_MSGSEND = YES;
				ENABLE_TESTABILITY = YES;
				GCC_C_LANGUAGE_STANDARD = gnu11;
				GCC_DYNAMIC_NO_PIC = NO;
				GCC_NO_COMMON_BLOCKS = YES;
				GCC_OPTIMIZATION_LEVEL = 0;
				GCC_PREPROCESSOR_DEFINITIONS = (
					"DEBUG=1",
					"$(inherited)",
				);
				GCC_WARN_64_TO_32_BIT_CONVERSION = YES;
				GCC_WARN_ABOUT_RETURN_TYPE = YES_ERROR;
				GCC_WARN_UNDECLARED_SELECTOR = YES;
				GCC_WARN_UNINITIALIZED_AUTOS = YES_AGGRESSIVE;
				GCC_WARN_UNUSED_FUNCTION = YES;
				GCC_WARN_UNUSED_VARIABLE = YES;
				IPHONEOS_DEPLOYMENT_TARGET = 14.3;
				MTL_ENABLE_DEBUG_INFO = INCLUDE_SOURCE;
				MTL_FAST_MATH = YES;
				ONLY_ACTIVE_ARCH = YES;
				SDKROOT = iphoneos;
			};
			name = Debug;
		};
		4FF1DE7E261CD8BD0087F00F /* Release */ = {
			isa = XCBuildConfiguration;
			buildSettings = {
				ALWAYS_SEARCH_USER_PATHS = NO;
				CLANG_ANALYZER_NONNULL = YES;
				CLANG_ANALYZER_NUMBER_OBJECT_CONVERSION = YES_AGGRESSIVE;
				CLANG_CXX_LANGUAGE_STANDARD = "gnu++14";
				CLANG_CXX_LIBRARY = "libc++";
				CLANG_ENABLE_MODULES = YES;
				CLANG_ENABLE_OBJC_ARC = YES;
				CLANG_ENABLE_OBJC_WEAK = YES;
				CLANG_WARN_BLOCK_CAPTURE_AUTORELEASING = YES;
				CLANG_WARN_BOOL_CONVERSION = YES;
				CLANG_WARN_COMMA = YES;
				CLANG_WARN_CONSTANT_CONVERSION = YES;
				CLANG_WARN_DEPRECATED_OBJC_IMPLEMENTATIONS = YES;
				CLANG_WARN_DIRECT_OBJC_ISA_USAGE = YES_ERROR;
				CLANG_WARN_DOCUMENTATION_COMMENTS = YES;
				CLANG_WARN_EMPTY_BODY = YES;
				CLANG_WARN_ENUM_CONVERSION = YES;
				CLANG_WARN_INFINITE_RECURSION = YES;
				CLANG_WARN_INT_CONVERSION = YES;
				CLANG_WARN_NON_LITERAL_NULL_CONVERSION = YES;
				CLANG_WARN_OBJC_IMPLICIT_RETAIN_SELF = YES;
				CLANG_WARN_OBJC_LITERAL_CONVERSION = YES;
				CLANG_WARN_OBJC_ROOT_CLASS = YES_ERROR;
				CLANG_WARN_QUOTED_INCLUDE_IN_FRAMEWORK_HEADER = YES;
				CLANG_WARN_RANGE_LOOP_ANALYSIS = YES;
				CLANG_WARN_STRICT_PROTOTYPES = YES;
				CLANG_WARN_SUSPICIOUS_MOVE = YES;
				CLANG_WARN_UNGUARDED_AVAILABILITY = YES_AGGRESSIVE;
				CLANG_WARN_UNREACHABLE_CODE = YES;
				CLANG_WARN__DUPLICATE_METHOD_MATCH = YES;
				COPY_PHASE_STRIP = NO;
				DEBUG_INFORMATION_FORMAT = "dwarf-with-dsym";
				DEFINES_MODULE = YES;
				ENABLE_NS_ASSERTIONS = NO;
				ENABLE_STRICT_OBJC_MSGSEND = YES;
				GCC_C_LANGUAGE_STANDARD = gnu11;
				GCC_NO_COMMON_BLOCKS = YES;
				GCC_WARN_64_TO_32_BIT_CONVERSION = YES;
				GCC_WARN_ABOUT_RETURN_TYPE = YES_ERROR;
				GCC_WARN_UNDECLARED_SELECTOR = YES;
				GCC_WARN_UNINITIALIZED_AUTOS = YES_AGGRESSIVE;
				GCC_WARN_UNUSED_FUNCTION = YES;
				GCC_WARN_UNUSED_VARIABLE = YES;
				IPHONEOS_DEPLOYMENT_TARGET = 14.3;
				MTL_ENABLE_DEBUG_INFO = NO;
				MTL_FAST_MATH = YES;
				SDKROOT = iphoneos;
				VALIDATE_PRODUCT = YES;
			};
			name = Release;
		};
		4FF1DE80261CD8BD0087F00F /* Debug */ = {
			isa = XCBuildConfiguration;
			buildSettings = {
				ASSETCATALOG_COMPILER_APPICON_NAME = AppIcon;
				ASSETCATALOG_COMPILER_GLOBAL_ACCENT_COLOR_NAME = AccentColor;
				CLANG_ENABLE_MODULES = YES;
				CODE_SIGN_STYLE = Automatic;
				DEFINES_MODULE = YES;
				DEVELOPMENT_TEAM = E5WFCNHABB;
				INFOPLIST_FILE = ff_RW_Sample/Info.plist;
				LD_RUNPATH_SEARCH_PATHS = (
					"$(inherited)",
					"@executable_path/Frameworks",
				);
				PRODUCT_BUNDLE_IDENTIFIER = "co.stratosperception.ff-RW-Sample";
				PRODUCT_NAME = "$(TARGET_NAME)";
				SWIFT_OBJC_BRIDGING_HEADER = "ff_RW_Sample/ff_RW_Sample-Bridging-Header.h";
				SWIFT_OPTIMIZATION_LEVEL = "-Onone";
				SWIFT_VERSION = 5.0;
				TARGETED_DEVICE_FAMILY = "1,2";
			};
			name = Debug;
		};
		4FF1DE81261CD8BD0087F00F /* Release */ = {
			isa = XCBuildConfiguration;
			buildSettings = {
				ASSETCATALOG_COMPILER_APPICON_NAME = AppIcon;
				ASSETCATALOG_COMPILER_GLOBAL_ACCENT_COLOR_NAME = AccentColor;
				CLANG_ENABLE_MODULES = YES;
				CODE_SIGN_STYLE = Automatic;
				DEFINES_MODULE = YES;
				DEVELOPMENT_TEAM = E5WFCNHABB;
				INFOPLIST_FILE = ff_RW_Sample/Info.plist;
				LD_RUNPATH_SEARCH_PATHS = (
					"$(inherited)",
					"@executable_path/Frameworks",
				);
				PRODUCT_BUNDLE_IDENTIFIER = "co.stratosperception.ff-RW-Sample";
				PRODUCT_NAME = "$(TARGET_NAME)";
				SWIFT_OBJC_BRIDGING_HEADER = "ff_RW_Sample/ff_RW_Sample-Bridging-Header.h";
				SWIFT_VERSION = 5.0;
				TARGETED_DEVICE_FAMILY = "1,2";
			};
			name = Release;
		};
/* End XCBuildConfiguration section */

/* Begin XCConfigurationList section */
		4FF1DE61261CD8BC0087F00F /* Build configuration list for PBXProject "ff_RW_Sample" */ = {
			isa = XCConfigurationList;
			buildConfigurations = (
				4FF1DE7D261CD8BD0087F00F /* Debug */,
				4FF1DE7E261CD8BD0087F00F /* Release */,
			);
			defaultConfigurationIsVisible = 0;
			defaultConfigurationName = Release;
		};
		4FF1DE7F261CD8BD0087F00F /* Build configuration list for PBXNativeTarget "ff_RW_Sample" */ = {
			isa = XCConfigurationList;
			buildConfigurations = (
				4FF1DE80261CD8BD0087F00F /* Debug */,
				4FF1DE81261CD8BD0087F00F /* Release */,
			);
			defaultConfigurationIsVisible = 0;
			defaultConfigurationName = Release;
		};
/* End XCConfigurationList section */

/* Begin XCVersionGroup section */
		4F7D62DC261FE0BF00612ECB /* ff_RW_Sample.xcdatamodeld */ = {
			isa = XCVersionGroup;
			children = (
				4F7D62DD261FE0BF00612ECB /* ff_RW_Sample.xcdatamodel */,
			);
			currentVersion = 4F7D62DD261FE0BF00612ECB /* ff_RW_Sample.xcdatamodel */;
			path = ff_RW_Sample.xcdatamodeld;
			sourceTree = "<group>";
			versionGroupType = wrapper.xcdatamodel;
		};
/* End XCVersionGroup section */
	};
	rootObject = 4FF1DE5E261CD8BC0087F00F /* Project object */;
}
